
Microsoft Visual Studio Solution File, Format Version 12.00
# Visual Studio 15
Project("{8BC9CEB8-8B4A-11D0-8D11-00A0C91BC942}") = "Frost", "Frost\Frost.vcxproj", "{131E320D-7F32-5ABE-48B4-FD1DB48756EF}"
EndProject
Project("{2150E333-8FDC-42A3-9474-1A3956D46DE8}") = "Packages", "Packages", "{6B455E7F-5713-5285-40A7-C2AB2C142EEA}"
EndProject
Project("{8BC9CEB8-8B4A-11D0-8D11-00A0C91BC942}") = "GLFW", "Frost\packages\glfw\GLFW.vcxproj", "{154B857C-0182-860D-AA6E-6C109684020F}"
EndProject
Project("{8BC9CEB8-8B4A-11D0-8D11-00A0C91BC942}") = "Glad", "Frost\packages\glad\Glad.vcxproj", "{BDD6857C-A90D-870D-52FA-6C103E10030F}"
EndProject
Project("{8BC9CEB8-8B4A-11D0-8D11-00A0C91BC942}") = "ImGui", "Frost\packages\imgui\ImGui.vcxproj", "{C0FF640D-2C14-8DBE-F595-301E616989EF}"
EndProject
Project("{8BC9CEB8-8B4A-11D0-8D11-00A0C91BC942}") = "TinyXml2", "Frost\packages\tinyxml2\TinyXml2.vcxproj", "{4C38479D-3805-A2A8-611E-90504D4AD736}"
EndProject
Global
	GlobalSection(SolutionConfigurationPlatforms) = preSolution
		Debug|Win32 = Debug|Win32
		Release|Win32 = Release|Win32
	EndGlobalSection
	GlobalSection(ProjectConfigurationPlatforms) = postSolution
		{131E320D-7F32-5ABE-48B4-FD1DB48756EF}.Debug|Win32.ActiveCfg = Debug|Win32
		{131E320D-7F32-5ABE-48B4-FD1DB48756EF}.Debug|Win32.Build.0 = Debug|Win32
		{131E320D-7F32-5ABE-48B4-FD1DB48756EF}.Release|Win32.ActiveCfg = Release|Win32
		{131E320D-7F32-5ABE-48B4-FD1DB48756EF}.Release|Win32.Build.0 = Release|Win32
		{154B857C-0182-860D-AA6E-6C109684020F}.Debug|Win32.ActiveCfg = Debug|Win32
		{154B857C-0182-860D-AA6E-6C109684020F}.Debug|Win32.Build.0 = Debug|Win32
		{154B857C-0182-860D-AA6E-6C109684020F}.Release|Win32.ActiveCfg = Release|Win32
		{154B857C-0182-860D-AA6E-6C109684020F}.Release|Win32.Build.0 = Release|Win32
		{BDD6857C-A90D-870D-52FA-6C103E10030F}.Debug|Win32.ActiveCfg = Debug|Win32
		{BDD6857C-A90D-870D-52FA-6C103E10030F}.Debug|Win32.Build.0 = Debug|Win32
		{BDD6857C-A90D-870D-52FA-6C103E10030F}.Release|Win32.ActiveCfg = Release|Win32
		{BDD6857C-A90D-870D-52FA-6C103E10030F}.Release|Win32.Build.0 = Release|Win32
		{C0FF640D-2C14-8DBE-F595-301E616989EF}.Debug|Win32.ActiveCfg = Debug|Win32
		{C0FF640D-2C14-8DBE-F595-301E616989EF}.Debug|Win32.Build.0 = Debug|Win32
		{C0FF640D-2C14-8DBE-F595-301E616989EF}.Release|Win32.ActiveCfg = Release|Win32
		{C0FF640D-2C14-8DBE-F595-301E616989EF}.Release|Win32.Build.0 = Release|Win32
		{4C38479D-3805-A2A8-611E-90504D4AD736}.Debug|Win32.ActiveCfg = Debug|Win32
		{4C38479D-3805-A2A8-611E-90504D4AD736}.Debug|Win32.Build.0 = Debug|Win32
		{4C38479D-3805-A2A8-611E-90504D4AD736}.Release|Win32.ActiveCfg = Release|Win32
		{4C38479D-3805-A2A8-611E-90504D4AD736}.Release|Win32.Build.0 = Release|Win32
	EndGlobalSection
	GlobalSection(SolutionProperties) = preSolution
		HideSolutionNode = FALSE
	EndGlobalSection
	GlobalSection(NestedProjects) = preSolution
		{154B857C-0182-860D-AA6E-6C109684020F} = {6B455E7F-5713-5285-40A7-C2AB2C142EEA}
		{BDD6857C-A90D-870D-52FA-6C103E10030F} = {6B455E7F-5713-5285-40A7-C2AB2C142EEA}
		{C0FF640D-2C14-8DBE-F595-301E616989EF} = {6B455E7F-5713-5285-40A7-C2AB2C142EEA}
		{4C38479D-3805-A2A8-611E-90504D4AD736} = {6B455E7F-5713-5285-40A7-C2AB2C142EEA}
	EndGlobalSection
EndGlobal
