<?xml version="1.0" encoding="utf-8"?>
<Project ToolsVersion="4.0" xmlns="http://schemas.microsoft.com/developer/msbuild/2003">
  <ItemGroup>
    <Filter Include="res">
      <UniqueIdentifier>{4FA5880B-BBAE-887C-442A-9F7CB032947C}</UniqueIdentifier>
    </Filter>
    <Filter Include="res\fonts">
      <UniqueIdentifier>{E81E0011-5489-B487-9DC7-652D097192DC}</UniqueIdentifier>
    </Filter>
    <Filter Include="res\maps">
      <UniqueIdentifier>{2F3F8F1F-1B0C-EA2A-4425-D8D230511FB9}</UniqueIdentifier>
    </Filter>
    <Filter Include="res\saves">
      <UniqueIdentifier>{40D0E311-AC3A-9888-F578-492E612276DD}</UniqueIdentifier>
    </Filter>
    <Filter Include="res\scenes">
      <UniqueIdentifier>{BFDB784E-AB93-BA9B-149B-93F70072558C}</UniqueIdentifier>
    </Filter>
    <Filter Include="res\shaders">
      <UniqueIdentifier>{4841F028-B4F6-681E-3DEB-62F5A99F5F22}</UniqueIdentifier>
    </Filter>
    <Filter Include="res\templates">
      <UniqueIdentifier>{0DD1EA8D-7991-66C4-42CC-AF41AE4BABA0}</UniqueIdentifier>
    </Filter>
    <Filter Include="res\textures">
      <UniqueIdentifier>{227C1C83-0EDF-AB27-B764-E4DDA3A677AA}</UniqueIdentifier>
    </Filter>
    <Filter Include="res\textures\background">
      <UniqueIdentifier>{11E2FEE8-7D19-4780-8623-ABA3F2D96D79}</UniqueIdentifier>
    </Filter>
    <Filter Include="res\textures\background_2">
      <UniqueIdentifier>{C2B63F24-2E79-73AE-7729-023BE32A4C8C}</UniqueIdentifier>
    </Filter>
    <Filter Include="res\textures\mario">
      <UniqueIdentifier>{C995534C-B579-14A2-1EDA-0EF50ADDFE23}</UniqueIdentifier>
    </Filter>
    <Filter Include="src">
      <UniqueIdentifier>{2DAB880B-99B4-887C-2230-9F7C8E38947C}</UniqueIdentifier>
    </Filter>
    <Filter Include="src\Application">
      <UniqueIdentifier>{701253C7-DC9D-C08B-E5AE-438051B91C8C}</UniqueIdentifier>
    </Filter>
    <Filter Include="src\Console">
      <UniqueIdentifier>{4F9F6B3D-BB54-E432-4449-DE09B0FDDA36}</UniqueIdentifier>
    </Filter>
    <Filter Include="src\ECS">
      <UniqueIdentifier>{F76D2FA9-634D-AE44-6C65-391BD8C314A6}</UniqueIdentifier>
    </Filter>
    <Filter Include="src\Frost">
      <UniqueIdentifier>{6A2CEFB2-D696-A329-1FD5-54CF8B7E817E}</UniqueIdentifier>
    </Filter>
    <Filter Include="src\Frost\Components">
      <UniqueIdentifier>{3F3B8D15-2BCA-16DF-D4E8-2ADAC0562785}</UniqueIdentifier>
    </Filter>
    <Filter Include="src\Frost\Systems">
      <UniqueIdentifier>{714CBC48-DD62-BADE-26DA-4500922F8B66}</UniqueIdentifier>
    </Filter>
    <Filter Include="src\GUI">
      <UniqueIdentifier>{C1782FA9-2D58-AE44-3670-391BA2CE14A6}</UniqueIdentifier>
    </Filter>
    <Filter Include="src\Graphics">
      <UniqueIdentifier>{0D564864-F9B8-D708-A23E-10BF8E80A38B}</UniqueIdentifier>
    </Filter>
    <Filter Include="src\Ignis">
      <UniqueIdentifier>{36681FB3-A2D2-D329-EB10-85CF57BAB17E}</UniqueIdentifier>
    </Filter>
    <Filter Include="src\Ignis\Core">
      <UniqueIdentifier>{4E1E7098-3AEC-639E-2380-D4C40FED3F03}</UniqueIdentifier>
    </Filter>
    <Filter Include="src\Ignis\glad">
      <UniqueIdentifier>{FDCC8398-E99A-779E-D22E-E8C4BE9B5303}</UniqueIdentifier>
    </Filter>
    <Filter Include="src\Ignis\glad\KHR">
      <UniqueIdentifier>{F111879F-DDF5-47F5-4656-424832593277}</UniqueIdentifier>
    </Filter>
    <Filter Include="src\Ignis\stb">
      <UniqueIdentifier>{8E518088-FA11-FCBE-C34C-453C2FCC409B}</UniqueIdentifier>
    </Filter>
    <Filter Include="src\Scenes">
      <UniqueIdentifier>{BDC7122E-A97F-547B-1287-2DD7FE5DEF6B}</UniqueIdentifier>
    </Filter>
    <Filter Include="src\math">
      <UniqueIdentifier>{46A033CF-326D-8EDA-5B86-7C8247B2C368}</UniqueIdentifier>
    </Filter>
    <Filter Include="src\memory">
      <UniqueIdentifier>{1582E16A-013A-23B8-6A41-FC135618BEA8}</UniqueIdentifier>
    </Filter>
    <Filter Include="src\tile">
      <UniqueIdentifier>{EA9737CF-D664-92DA-FF7D-8082EBA9C768}</UniqueIdentifier>
    </Filter>
    <Filter Include="src\toolbox">
      <UniqueIdentifier>{434B5FF9-AF00-D8EE-38F5-D1C5A4A9CEF2}</UniqueIdentifier>
    </Filter>
  </ItemGroup>
  <ItemGroup>
    <ClInclude Include="src\Console\Command.h">
      <Filter>src\Console</Filter>
    </ClInclude>
    <ClInclude Include="src\Console\Console.h">
      <Filter>src\Console</Filter>
    </ClInclude>
    <ClInclude Include="src\ECS\Ecs.h">
      <Filter>src\ECS</Filter>
    </ClInclude>
    <ClInclude Include="src\ECS\EcsCommon.h">
      <Filter>src\ECS</Filter>
    </ClInclude>
    <ClInclude Include="src\ECS\EcsList.h">
      <Filter>src\ECS</Filter>
    </ClInclude>
    <ClInclude Include="src\ECS\EcsLoader.h">
      <Filter>src\ECS</Filter>
    </ClInclude>
    <ClInclude Include="src\ECS\EcsMap.h">
      <Filter>src\ECS</Filter>
    </ClInclude>
    <ClInclude Include="src\Frost\Components\Animator.h">
      <Filter>src\Frost\Components</Filter>
    </ClInclude>
    <ClInclude Include="src\Frost\Components\CameraController.h">
      <Filter>src\Frost\Components</Filter>
    </ClInclude>
    <ClInclude Include="src\Frost\Components\EntityState.h">
      <Filter>src\Frost\Components</Filter>
    </ClInclude>
    <ClInclude Include="src\Frost\Components\Interaction.h">
      <Filter>src\Frost\Components</Filter>
    </ClInclude>
    <ClInclude Include="src\Frost\Components\Inventory.h">
      <Filter>src\Frost\Components</Filter>
    </ClInclude>
    <ClInclude Include="src\Frost\Components\Item.h">
      <Filter>src\Frost\Components</Filter>
    </ClInclude>
    <ClInclude Include="src\Frost\Components\Movement.h">
      <Filter>src\Frost\Components</Filter>
    </ClInclude>
    <ClInclude Include="src\Frost\Components\Order.h">
      <Filter>src\Frost\Components</Filter>
    </ClInclude>
    <ClInclude Include="src\Frost\Components\Player.h">
      <Filter>src\Frost\Components</Filter>
    </ClInclude>
    <ClInclude Include="src\Frost\Components\RigidBody.h">
      <Filter>src\Frost\Components</Filter>
    </ClInclude>
    <ClInclude Include="src\Frost\Components\Sprite.h">
      <Filter>src\Frost\Components</Filter>
    </ClInclude>
    <ClInclude Include="src\Frost\Components\Transform.h">
      <Filter>src\Frost\Components</Filter>
    </ClInclude>
    <ClInclude Include="src\Frost\Frost.h">
      <Filter>src\Frost</Filter>
    </ClInclude>
    <ClInclude Include="src\Frost\FrostDebugger.h">
      <Filter>src\Frost</Filter>
    </ClInclude>
    <ClInclude Include="src\Frost\FrostMem.h">
      <Filter>src\Frost</Filter>
    </ClInclude>
    <ClInclude Include="src\Frost\FrostParser.h">
      <Filter>src\Frost</Filter>
    </ClInclude>
    <ClInclude Include="src\Frost\SceneLoader.h">
      <Filter>src\Frost</Filter>
    </ClInclude>
    <ClInclude Include="src\Frost\SceneSaver.h">
      <Filter>src\Frost</Filter>
    </ClInclude>
    <ClInclude Include="src\Frost\Systems\AnimationSystem.h">
      <Filter>src\Frost\Systems</Filter>
    </ClInclude>
    <ClInclude Include="src\Frost\Systems\EntityStateSystem.h">
      <Filter>src\Frost\Systems</Filter>
    </ClInclude>
    <ClInclude Include="src\Frost\Systems\InteractionSystem.h">
      <Filter>src\Frost\Systems</Filter>
    </ClInclude>
    <ClInclude Include="src\Frost\Systems\InventorySystem.h">
      <Filter>src\Frost\Systems</Filter>
    </ClInclude>
    <ClInclude Include="src\Frost\Systems\PhysicsSystem.h">
      <Filter>src\Frost\Systems</Filter>
    </ClInclude>
    <ClInclude Include="src\Frost\Systems\PlayerSystem.h">
      <Filter>src\Frost\Systems</Filter>
    </ClInclude>
    <ClInclude Include="src\Frost\Systems\RenderSystem.h">
      <Filter>src\Frost\Systems</Filter>
    </ClInclude>
    <ClInclude Include="src\GUI\Gui.h">
      <Filter>src\GUI</Filter>
    </ClInclude>
    <ClInclude Include="src\Graphics\Background.h">
      <Filter>src\Graphics</Filter>
    </ClInclude>
    <ClInclude Include="src\Graphics\BatchRenderer2D.h">
      <Filter>src\Graphics</Filter>
    </ClInclude>
    <ClInclude Include="src\Graphics\FontRenderer.h">
      <Filter>src\Graphics</Filter>
    </ClInclude>
    <ClInclude Include="src\Graphics\Primitives2D.h">
      <Filter>src\Graphics</Filter>
    </ClInclude>
    <ClInclude Include="src\Graphics\Renderer.h">
      <Filter>src\Graphics</Filter>
    </ClInclude>
    <ClInclude Include="src\Graphics\Renderer2D.h">
      <Filter>src\Graphics</Filter>
    </ClInclude>
    <ClInclude Include="src\Ignis\ComputeShader.h">
      <Filter>src\Ignis</Filter>
    </ClInclude>
    <ClInclude Include="src\Ignis\Core\Buffer.h">
      <Filter>src\Ignis\Core</Filter>
    </ClInclude>
    <ClInclude Include="src\Ignis\Core\Shader.h">
      <Filter>src\Ignis\Core</Filter>
    </ClInclude>
    <ClInclude Include="src\Ignis\Core\Texture.h">
      <Filter>src\Ignis\Core</Filter>
    </ClInclude>
    <ClInclude Include="src\Ignis\Font.h">
      <Filter>src\Ignis</Filter>
    </ClInclude>
    <ClInclude Include="src\Ignis\Framebuffer.h">
      <Filter>src\Ignis</Filter>
    </ClInclude>
    <ClInclude Include="src\Ignis\Ignis.h">
      <Filter>src\Ignis</Filter>
    </ClInclude>
    <ClInclude Include="src\Ignis\Quad.h">
      <Filter>src\Ignis</Filter>
    </ClInclude>
    <ClInclude Include="src\Ignis\VertexArray.h">
      <Filter>src\Ignis</Filter>
    </ClInclude>
    <ClInclude Include="src\Ignis\glad\KHR\khrplatform.h">
      <Filter>src\Ignis\glad\KHR</Filter>
    </ClInclude>
    <ClInclude Include="src\Ignis\glad\glad.h">
      <Filter>src\Ignis\glad</Filter>
    </ClInclude>
    <ClInclude Include="src\Ignis\stb\stb_image.h">
      <Filter>src\Ignis\stb</Filter>
    </ClInclude>
    <ClInclude Include="src\Ignis\stb\stb_truetype.h">
      <Filter>src\Ignis\stb</Filter>
    </ClInclude>
    <ClInclude Include="src\Scenes\Camera.h">
      <Filter>src\Scenes</Filter>
    </ClInclude>
    <ClInclude Include="src\Scenes\MapEditor.h">
      <Filter>src\Scenes</Filter>
    </ClInclude>
    <ClInclude Include="src\Scenes\Resources.h">
      <Filter>src\Scenes</Filter>
    </ClInclude>
    <ClInclude Include="src\Scenes\Scene.h">
      <Filter>src\Scenes</Filter>
    </ClInclude>
    <ClInclude Include="src\Scenes\SceneEditor.h">
      <Filter>src\Scenes</Filter>
    </ClInclude>
    <ClInclude Include="src\Scenes\WorldEditor.h">
      <Filter>src\Scenes</Filter>
    </ClInclude>
    <ClInclude Include="src\math\grid.h">
      <Filter>src\math</Filter>
    </ClInclude>
    <ClInclude Include="src\math\mat4.h">
      <Filter>src\math</Filter>
    </ClInclude>
    <ClInclude Include="src\math\math.h">
      <Filter>src\math</Filter>
    </ClInclude>
    <ClInclude Include="src\math\vec2.h">
      <Filter>src\math</Filter>
    </ClInclude>
    <ClInclude Include="src\math\vec3.h">
      <Filter>src\math</Filter>
    </ClInclude>
    <ClInclude Include="src\memory\arena.h">
      <Filter>src\memory</Filter>
    </ClInclude>
    <ClInclude Include="src\tile\tile_body.h">
      <Filter>src\tile</Filter>
    </ClInclude>
    <ClInclude Include="src\tile\tile_collision.h">
      <Filter>src\tile</Filter>
    </ClInclude>
    <ClInclude Include="src\tile\tile_map.h">
      <Filter>src\tile</Filter>
    </ClInclude>
    <ClInclude Include="src\tile\tile_renderer.h">
      <Filter>src\tile</Filter>
    </ClInclude>
    <ClInclude Include="src\toolbox\tb_array.h">
      <Filter>src\toolbox</Filter>
    </ClInclude>
    <ClInclude Include="src\toolbox\tb_file.h">
      <Filter>src\toolbox</Filter>
    </ClInclude>
    <ClInclude Include="src\toolbox\tb_hashmap.h">
      <Filter>src\toolbox</Filter>
    </ClInclude>
    <ClInclude Include="src\toolbox\tb_ini.h">
      <Filter>src\toolbox</Filter>
    </ClInclude>
    <ClInclude Include="src\toolbox\tb_json.h">
      <Filter>src\toolbox</Filter>
    </ClInclude>
    <ClInclude Include="src\toolbox\tb_jwrite.h">
      <Filter>src\toolbox</Filter>
    </ClInclude>
    <ClInclude Include="src\toolbox\tb_mem.h">
      <Filter>src\toolbox</Filter>
    </ClInclude>
    <ClInclude Include="src\toolbox\tb_str.h">
      <Filter>src\toolbox</Filter>
    </ClInclude>
    <ClInclude Include="src\toolbox\toolbox.h">
      <Filter>src\toolbox</Filter>
    </ClInclude>
    <ClInclude Include="src\Event\Event.h">
      <Filter>src\Application</Filter>
    </ClInclude>
    <ClInclude Include="src\Event\EventHandler.h">
      <Filter>src\Application</Filter>
    </ClInclude>
    <ClInclude Include="src\Event\EventCallback.h">
      <Filter>src\Application</Filter>
    </ClInclude>
    <ClInclude Include="src\Minimal\Minimal.h" />
    <ClInclude Include="src\Minimal\MinimalUtil.h" />
    <ClInclude Include="src\Minimal\MinimalWGL.h" />
    <ClInclude Include="src\Minimal\MinimalWindow.h" />
    <ClInclude Include="src\Minimal\MinimalEvent.h" />
  </ItemGroup>
  <ItemGroup>
    <ClCompile Include="src\Console\Command.c">
      <Filter>src\Console</Filter>
    </ClCompile>
    <ClCompile Include="src\Console\Console.c">
      <Filter>src\Console</Filter>
    </ClCompile>
    <ClCompile Include="src\ECS\Ecs.c">
      <Filter>src\ECS</Filter>
    </ClCompile>
    <ClCompile Include="src\ECS\EcsCommon.c">
      <Filter>src\ECS</Filter>
    </ClCompile>
    <ClCompile Include="src\ECS\EcsList.c">
      <Filter>src\ECS</Filter>
    </ClCompile>
    <ClCompile Include="src\ECS\EcsLoader.c">
      <Filter>src\ECS</Filter>
    </ClCompile>
    <ClCompile Include="src\ECS\EcsMap.c">
      <Filter>src\ECS</Filter>
    </ClCompile>
    <ClCompile Include="src\Frost\Components\Animator.c">
      <Filter>src\Frost\Components</Filter>
    </ClCompile>
    <ClCompile Include="src\Frost\Components\CameraController.c">
      <Filter>src\Frost\Components</Filter>
    </ClCompile>
    <ClCompile Include="src\Frost\Components\EntityState.c">
      <Filter>src\Frost\Components</Filter>
    </ClCompile>
    <ClCompile Include="src\Frost\Components\Interaction.c">
      <Filter>src\Frost\Components</Filter>
    </ClCompile>
    <ClCompile Include="src\Frost\Components\Inventory.c">
      <Filter>src\Frost\Components</Filter>
    </ClCompile>
    <ClCompile Include="src\Frost\Components\Item.c">
      <Filter>src\Frost\Components</Filter>
    </ClCompile>
    <ClCompile Include="src\Frost\Components\Movement.c">
      <Filter>src\Frost\Components</Filter>
    </ClCompile>
    <ClCompile Include="src\Frost\Components\Order.c">
      <Filter>src\Frost\Components</Filter>
    </ClCompile>
    <ClCompile Include="src\Frost\Components\Player.c">
      <Filter>src\Frost\Components</Filter>
    </ClCompile>
    <ClCompile Include="src\Frost\Components\RigidBody.c">
      <Filter>src\Frost\Components</Filter>
    </ClCompile>
    <ClCompile Include="src\Frost\Components\Sprite.c">
      <Filter>src\Frost\Components</Filter>
    </ClCompile>
    <ClCompile Include="src\Frost\Components\Transform.c">
      <Filter>src\Frost\Components</Filter>
    </ClCompile>
    <ClCompile Include="src\Frost\Frost.c">
      <Filter>src\Frost</Filter>
    </ClCompile>
    <ClCompile Include="src\Frost\FrostDebugger.c">
      <Filter>src\Frost</Filter>
    </ClCompile>
    <ClCompile Include="src\Frost\FrostMem.c">
      <Filter>src\Frost</Filter>
    </ClCompile>
    <ClCompile Include="src\Frost\FrostParser.c">
      <Filter>src\Frost</Filter>
    </ClCompile>
    <ClCompile Include="src\Frost\SceneLoader.c">
      <Filter>src\Frost</Filter>
    </ClCompile>
    <ClCompile Include="src\Frost\SceneSaver.c">
      <Filter>src\Frost</Filter>
    </ClCompile>
    <ClCompile Include="src\Frost\Systems\AnimationSystem.c">
      <Filter>src\Frost\Systems</Filter>
    </ClCompile>
    <ClCompile Include="src\Frost\Systems\EntityStateSystem.c">
      <Filter>src\Frost\Systems</Filter>
    </ClCompile>
    <ClCompile Include="src\Frost\Systems\InteractionSystem.c">
      <Filter>src\Frost\Systems</Filter>
    </ClCompile>
    <ClCompile Include="src\Frost\Systems\InventorySystem.c">
      <Filter>src\Frost\Systems</Filter>
    </ClCompile>
    <ClCompile Include="src\Frost\Systems\PhysicsSystem.c">
      <Filter>src\Frost\Systems</Filter>
    </ClCompile>
    <ClCompile Include="src\Frost\Systems\PlayerSystem.c">
      <Filter>src\Frost\Systems</Filter>
    </ClCompile>
    <ClCompile Include="src\Frost\Systems\RenderSystem.c">
      <Filter>src\Frost\Systems</Filter>
    </ClCompile>
    <ClCompile Include="src\GUI\Gui.c">
      <Filter>src\GUI</Filter>
    </ClCompile>
    <ClCompile Include="src\Graphics\Background.c">
      <Filter>src\Graphics</Filter>
    </ClCompile>
    <ClCompile Include="src\Graphics\BatchRenderer2D.c">
      <Filter>src\Graphics</Filter>
    </ClCompile>
    <ClCompile Include="src\Graphics\FontRenderer.c">
      <Filter>src\Graphics</Filter>
    </ClCompile>
    <ClCompile Include="src\Graphics\Primitives2D.c">
      <Filter>src\Graphics</Filter>
    </ClCompile>
    <ClCompile Include="src\Graphics\Renderer.c">
      <Filter>src\Graphics</Filter>
    </ClCompile>
    <ClCompile Include="src\Graphics\Renderer2D.c">
      <Filter>src\Graphics</Filter>
    </ClCompile>
    <ClCompile Include="src\Ignis\ComputeShader.c">
      <Filter>src\Ignis</Filter>
    </ClCompile>
    <ClCompile Include="src\Ignis\Core\Buffer.c">
      <Filter>src\Ignis\Core</Filter>
    </ClCompile>
    <ClCompile Include="src\Ignis\Core\Shader.c">
      <Filter>src\Ignis\Core</Filter>
    </ClCompile>
    <ClCompile Include="src\Ignis\Core\Texture.c">
      <Filter>src\Ignis\Core</Filter>
    </ClCompile>
    <ClCompile Include="src\Ignis\Font.c">
      <Filter>src\Ignis</Filter>
    </ClCompile>
    <ClCompile Include="src\Ignis\Framebuffer.c">
      <Filter>src\Ignis</Filter>
    </ClCompile>
    <ClCompile Include="src\Ignis\Ignis.c">
      <Filter>src\Ignis</Filter>
    </ClCompile>
    <ClCompile Include="src\Ignis\Quad.c">
      <Filter>src\Ignis</Filter>
    </ClCompile>
    <ClCompile Include="src\Ignis\VertexArray.c">
      <Filter>src\Ignis</Filter>
    </ClCompile>
    <ClCompile Include="src\Ignis\glad\glad.c">
      <Filter>src\Ignis\glad</Filter>
    </ClCompile>
    <ClCompile Include="src\Scenes\Camera.c">
      <Filter>src\Scenes</Filter>
    </ClCompile>
    <ClCompile Include="src\Scenes\MapEditor.c">
      <Filter>src\Scenes</Filter>
    </ClCompile>
    <ClCompile Include="src\Scenes\Resources.c">
      <Filter>src\Scenes</Filter>
    </ClCompile>
    <ClCompile Include="src\Scenes\Scene.c">
      <Filter>src\Scenes</Filter>
    </ClCompile>
    <ClCompile Include="src\Scenes\SceneEditor.c">
      <Filter>src\Scenes</Filter>
    </ClCompile>
    <ClCompile Include="src\Scenes\WorldEditor.c">
      <Filter>src\Scenes</Filter>
    </ClCompile>
    <ClCompile Include="src\main.c">
      <Filter>src</Filter>
    </ClCompile>
    <ClCompile Include="src\math\grid.c">
      <Filter>src\math</Filter>
    </ClCompile>
    <ClCompile Include="src\math\mat4.c">
      <Filter>src\math</Filter>
    </ClCompile>
    <ClCompile Include="src\math\vec2.c">
      <Filter>src\math</Filter>
    </ClCompile>
    <ClCompile Include="src\math\vec3.c">
      <Filter>src\math</Filter>
    </ClCompile>
    <ClCompile Include="src\memory\arena.c">
      <Filter>src\memory</Filter>
    </ClCompile>
    <ClCompile Include="src\tile\tile_body.c">
      <Filter>src\tile</Filter>
    </ClCompile>
    <ClCompile Include="src\tile\tile_collision.c">
      <Filter>src\tile</Filter>
    </ClCompile>
    <ClCompile Include="src\tile\tile_map.c">
      <Filter>src\tile</Filter>
    </ClCompile>
    <ClCompile Include="src\tile\tile_renderer.c">
      <Filter>src\tile</Filter>
    </ClCompile>
    <ClCompile Include="src\toolbox\tb_array.c">
      <Filter>src\toolbox</Filter>
    </ClCompile>
    <ClCompile Include="src\toolbox\tb_file.c">
      <Filter>src\toolbox</Filter>
    </ClCompile>
    <ClCompile Include="src\toolbox\tb_hashmap.c">
      <Filter>src\toolbox</Filter>
    </ClCompile>
    <ClCompile Include="src\toolbox\tb_ini.c">
      <Filter>src\toolbox</Filter>
    </ClCompile>
    <ClCompile Include="src\toolbox\tb_json.c">
      <Filter>src\toolbox</Filter>
    </ClCompile>
    <ClCompile Include="src\toolbox\tb_jwrite.c">
      <Filter>src\toolbox</Filter>
    </ClCompile>
    <ClCompile Include="src\toolbox\tb_mem.c">
      <Filter>src\toolbox</Filter>
    </ClCompile>
    <ClCompile Include="src\toolbox\tb_str.c">
      <Filter>src\toolbox</Filter>
    </ClCompile>
    <ClCompile Include="src\toolbox\toolbox.c">
      <Filter>src\toolbox</Filter>
    </ClCompile>
    <ClCompile Include="src\Event\Event.c">
      <Filter>src\Application</Filter>
    </ClCompile>
    <ClCompile Include="src\Event\EventHandler.c">
      <Filter>src\Application</Filter>
    </ClCompile>
    <ClCompile Include="src\Event\EventCallback.c">
      <Filter>src\Application</Filter>
    </ClCompile>
    <ClCompile Include="src\Minimal\Minimal.c" />
    <ClCompile Include="src\Minimal\MinimalUtil.c" />
    <ClCompile Include="src\Minimal\MinimalWGL.c" />
    <ClCompile Include="src\Minimal\MinimalWindow.c" />
  </ItemGroup>
  <ItemGroup>
    <None Include="config.ini" />
    <None Include="res\fonts.json">
      <Filter>res</Filter>
    </None>
    <None Include="res\fonts\OpenSans.ttf">
      <Filter>res\fonts</Filter>
    </None>
    <None Include="res\fonts\ProggyTiny.ttf">
      <Filter>res\fonts</Filter>
    </None>
    <None Include="res\maps\map.json">
      <Filter>res\maps</Filter>
    </None>
    <None Include="res\saves\save.json">
      <Filter>res\saves</Filter>
    </None>
    <None Include="res\scenes\scene.json">
      <Filter>res\scenes</Filter>
    </None>
    <None Include="res\shaders\batchrenderer.frag">
      <Filter>res\shaders</Filter>
    </None>
    <None Include="res\shaders\batchrenderer.vert">
      <Filter>res\shaders</Filter>
    </None>
    <None Include="res\shaders\font.frag">
      <Filter>res\shaders</Filter>
    </None>
    <None Include="res\shaders\font.vert">
      <Filter>res\shaders</Filter>
    </None>
    <None Include="res\shaders\primitives.frag">
      <Filter>res\shaders</Filter>
    </None>
    <None Include="res\shaders\primitives.vert">
      <Filter>res\shaders</Filter>
    </None>
    <None Include="res\shaders\renderer2D.frag">
      <Filter>res\shaders</Filter>
    </None>
    <None Include="res\shaders\renderer2D.vert">
      <Filter>res\shaders</Filter>
    </None>
    <None Include="res\shaders\tile.frag">
      <Filter>res\shaders</Filter>
    </None>
    <None Include="res\shaders\tile.vert">
      <Filter>res\shaders</Filter>
    </None>
    <None Include="res\templates\box.json">
      <Filter>res\templates</Filter>
    </None>
    <None Include="res\templates\chest.json">
      <Filter>res\templates</Filter>
    </None>
    <None Include="res\templates\door.json">
      <Filter>res\templates</Filter>
    </None>
    <None Include="res\templates\item.json">
      <Filter>res\templates</Filter>
    </None>
    <None Include="res\templates\machine.json">
      <Filter>res\templates</Filter>
    </None>
    <None Include="res\templates\player.json">
      <Filter>res\templates</Filter>
    </None>
    <None Include="res\templates\tree.json">
      <Filter>res\templates</Filter>
    </None>
  </ItemGroup>
  <ItemGroup>
    <Image Include="res\textures\background\0.png">
      <Filter>res\textures\background</Filter>
    </Image>
    <Image Include="res\textures\background\1.png">
      <Filter>res\textures\background</Filter>
    </Image>
    <Image Include="res\textures\background\2.png">
      <Filter>res\textures\background</Filter>
    </Image>
    <Image Include="res\textures\background\3.png">
      <Filter>res\textures\background</Filter>
    </Image>
    <Image Include="res\textures\background_2\0.png">
      <Filter>res\textures\background_2</Filter>
    </Image>
    <Image Include="res\textures\background_2\1.png">
      <Filter>res\textures\background_2</Filter>
    </Image>
    <Image Include="res\textures\box.png">
      <Filter>res\textures</Filter>
    </Image>
    <Image Include="res\textures\chest.png">
      <Filter>res\textures</Filter>
    </Image>
    <Image Include="res\textures\door.png">
      <Filter>res\textures</Filter>
    </Image>
    <Image Include="res\textures\floor.png">
      <Filter>res\textures</Filter>
    </Image>
    <Image Include="res\textures\items.png">
      <Filter>res\textures</Filter>
    </Image>
    <Image Include="res\textures\machine.png">
      <Filter>res\textures</Filter>
    </Image>
    <Image Include="res\textures\mario\Untitled.png">
      <Filter>res\textures\mario</Filter>
    </Image>
    <Image Include="res\textures\mario\bushes.png">
      <Filter>res\textures\mario</Filter>
    </Image>
    <Image Include="res\textures\mario\tiles.png">
      <Filter>res\textures\mario</Filter>
    </Image>
    <Image Include="res\textures\player.png">
      <Filter>res\textures</Filter>
    </Image>
    <Image Include="res\textures\tiles.png">
      <Filter>res\textures</Filter>
    </Image>
    <Image Include="res\textures\trees.png">
      <Filter>res\textures</Filter>
    </Image>
  </ItemGroup>
</Project>