<?xml version="1.0" encoding="utf-8"?>
<Project ToolsVersion="4.0" xmlns="http://schemas.microsoft.com/developer/msbuild/2003">
  <ItemGroup>
    <Filter Include="res">
      <UniqueIdentifier>{4FA5880B-BBAE-887C-442A-9F7CB032947C}</UniqueIdentifier>
    </Filter>
    <Filter Include="res\fonts">
      <UniqueIdentifier>{E81E0011-5489-B487-9DC7-652D097192DC}</UniqueIdentifier>
    </Filter>
    <Filter Include="res\shaders">
      <UniqueIdentifier>{4841F028-B4F6-681E-3DEB-62F5A99F5F22}</UniqueIdentifier>
    </Filter>
    <Filter Include="res\templates">
      <UniqueIdentifier>{0DD1EA8D-7991-66C4-42CC-AF41AE4BABA0}</UniqueIdentifier>
    </Filter>
    <Filter Include="res\textures">
      <UniqueIdentifier>{227C1C83-0EDF-AB27-B764-E4DDA3A677AA}</UniqueIdentifier>
    </Filter>
    <Filter Include="res\textures\background">
      <UniqueIdentifier>{11E2FEE8-7D19-4780-8623-ABA3F2D96D79}</UniqueIdentifier>
    </Filter>
    <Filter Include="res\textures\background_2">
      <UniqueIdentifier>{C2B63F24-2E79-73AE-7729-023BE32A4C8C}</UniqueIdentifier>
    </Filter>
    <Filter Include="src">
      <UniqueIdentifier>{2DAB880B-99B4-887C-2230-9F7C8E38947C}</UniqueIdentifier>
    </Filter>
    <Filter Include="src\Application">
      <UniqueIdentifier>{701253C7-DC9D-C08B-E5AE-438051B91C8C}</UniqueIdentifier>
    </Filter>
    <Filter Include="src\Camera">
      <UniqueIdentifier>{054BA008-F102-E255-5A0A-BBB146E17C46}</UniqueIdentifier>
    </Filter>
    <Filter Include="src\Console">
      <UniqueIdentifier>{4F9F6B3D-BB54-E432-4449-DE09B0FDDA36}</UniqueIdentifier>
    </Filter>
    <Filter Include="src\ECS">
      <UniqueIdentifier>{F76D2FA9-634D-AE44-6C65-391BD8C314A6}</UniqueIdentifier>
    </Filter>
    <Filter Include="src\Event">
      <UniqueIdentifier>{3E1ADFB2-AA84-9329-F3C2-44CF5F6C717E}</UniqueIdentifier>
    </Filter>
    <Filter Include="src\Frost">
      <UniqueIdentifier>{6A2CEFB2-D696-A329-1FD5-54CF8B7E817E}</UniqueIdentifier>
    </Filter>
    <Filter Include="src\Frost\Components">
      <UniqueIdentifier>{3F3B8D15-2BCA-16DF-D4E8-2ADAC0562785}</UniqueIdentifier>
    </Filter>
    <Filter Include="src\Frost\Systems">
      <UniqueIdentifier>{714CBC48-DD62-BADE-26DA-4500922F8B66}</UniqueIdentifier>
    </Filter>
    <Filter Include="src\Graphics">
      <UniqueIdentifier>{0D564864-F9B8-D708-A23E-10BF8E80A38B}</UniqueIdentifier>
    </Filter>
    <Filter Include="src\Ignis">
      <UniqueIdentifier>{36681FB3-A2D2-D329-EB10-85CF57BAB17E}</UniqueIdentifier>
    </Filter>
    <Filter Include="src\Ignis\Core">
      <UniqueIdentifier>{4E1E7098-3AEC-639E-2380-D4C40FED3F03}</UniqueIdentifier>
    </Filter>
    <Filter Include="src\Ignis\glad">
      <UniqueIdentifier>{FDCC8398-E99A-779E-D22E-E8C4BE9B5303}</UniqueIdentifier>
    </Filter>
    <Filter Include="src\Ignis\glad\KHR">
      <UniqueIdentifier>{F111879F-DDF5-47F5-4656-424832593277}</UniqueIdentifier>
    </Filter>
    <Filter Include="src\Ignis\stb">
      <UniqueIdentifier>{8E518088-FA11-FCBE-C34C-453C2FCC409B}</UniqueIdentifier>
    </Filter>
    <Filter Include="src\Inventory">
      <UniqueIdentifier>{AAB1955C-1672-1193-DFAC-5A104B2C566F}</UniqueIdentifier>
    </Filter>
    <Filter Include="src\Scenes">
      <UniqueIdentifier>{BDC7122E-A97F-547B-1287-2DD7FE5DEF6B}</UniqueIdentifier>
    </Filter>
    <Filter Include="src\clib">
      <UniqueIdentifier>{D6512ECF-C21E-89DA-EB37-7782D763BE68}</UniqueIdentifier>
    </Filter>
    <Filter Include="src\json">
      <UniqueIdentifier>{164732CF-0214-8DDA-2B2D-7B821759C268}</UniqueIdentifier>
    </Filter>
    <Filter Include="src\math">
      <UniqueIdentifier>{46A033CF-326D-8EDA-5B86-7C8247B2C368}</UniqueIdentifier>
    </Filter>
  </ItemGroup>
  <ItemGroup>
    <ClInclude Include="src\Application\Application.h">
      <Filter>src\Application</Filter>
    </ClInclude>
    <ClInclude Include="src\Application\ApplicationCallback.h">
      <Filter>src\Application</Filter>
    </ClInclude>
    <ClInclude Include="src\Application\Debugger.h">
      <Filter>src\Application</Filter>
    </ClInclude>
    <ClInclude Include="src\Application\Input.h">
      <Filter>src\Application</Filter>
    </ClInclude>
    <ClInclude Include="src\Application\Timer.h">
      <Filter>src\Application</Filter>
    </ClInclude>
    <ClInclude Include="src\Application\defines.h">
      <Filter>src\Application</Filter>
    </ClInclude>
    <ClInclude Include="src\Camera\Camera.h">
      <Filter>src\Camera</Filter>
    </ClInclude>
    <ClInclude Include="src\Console\Command.h">
      <Filter>src\Console</Filter>
    </ClInclude>
    <ClInclude Include="src\Console\Console.h">
      <Filter>src\Console</Filter>
    </ClInclude>
    <ClInclude Include="src\ECS\ComponentList.h">
      <Filter>src\ECS</Filter>
    </ClInclude>
    <ClInclude Include="src\ECS\ComponentMap.h">
      <Filter>src\ECS</Filter>
    </ClInclude>
    <ClInclude Include="src\ECS\Ecs.h">
      <Filter>src\ECS</Filter>
    </ClInclude>
    <ClInclude Include="src\ECS\Entity.h">
      <Filter>src\ECS</Filter>
    </ClInclude>
    <ClInclude Include="src\Event\Event.h">
      <Filter>src\Event</Filter>
    </ClInclude>
    <ClInclude Include="src\Event\EventHandler.h">
      <Filter>src\Event</Filter>
    </ClInclude>
    <ClInclude Include="src\Frost\Components\Animator.h">
      <Filter>src\Frost\Components</Filter>
    </ClInclude>
    <ClInclude Include="src\Frost\Components\CameraController.h">
      <Filter>src\Frost\Components</Filter>
    </ClInclude>
    <ClInclude Include="src\Frost\Components\Interaction.h">
      <Filter>src\Frost\Components</Filter>
    </ClInclude>
    <ClInclude Include="src\Frost\Components\Movement.h">
      <Filter>src\Frost\Components</Filter>
    </ClInclude>
    <ClInclude Include="src\Frost\Components\Order.h">
      <Filter>src\Frost\Components</Filter>
    </ClInclude>
    <ClInclude Include="src\Frost\Components\RigidBody.h">
      <Filter>src\Frost\Components</Filter>
    </ClInclude>
    <ClInclude Include="src\Frost\Components\Sprite.h">
      <Filter>src\Frost\Components</Filter>
    </ClInclude>
    <ClInclude Include="src\Frost\Components\Transform.h">
      <Filter>src\Frost\Components</Filter>
    </ClInclude>
    <ClInclude Include="src\Frost\Frost.h">
      <Filter>src\Frost</Filter>
    </ClInclude>
    <ClInclude Include="src\Frost\Systems\AnimationSystem.h">
      <Filter>src\Frost\Systems</Filter>
    </ClInclude>
    <ClInclude Include="src\Frost\Systems\InteractionSystem.h">
      <Filter>src\Frost\Systems</Filter>
    </ClInclude>
    <ClInclude Include="src\Frost\Systems\PhysicsSystem.h">
      <Filter>src\Frost\Systems</Filter>
    </ClInclude>
    <ClInclude Include="src\Frost\Systems\PlayerSystem.h">
      <Filter>src\Frost\Systems</Filter>
    </ClInclude>
    <ClInclude Include="src\Frost\Systems\RenderSystem.h">
      <Filter>src\Frost\Systems</Filter>
    </ClInclude>
    <ClInclude Include="src\Graphics\Background.h">
      <Filter>src\Graphics</Filter>
    </ClInclude>
    <ClInclude Include="src\Graphics\BatchRenderer2D.h">
      <Filter>src\Graphics</Filter>
    </ClInclude>
    <ClInclude Include="src\Graphics\FontRenderer.h">
      <Filter>src\Graphics</Filter>
    </ClInclude>
    <ClInclude Include="src\Graphics\Primitives2D.h">
      <Filter>src\Graphics</Filter>
    </ClInclude>
    <ClInclude Include="src\Graphics\Renderer.h">
      <Filter>src\Graphics</Filter>
    </ClInclude>
    <ClInclude Include="src\Graphics\Renderer2D.h">
      <Filter>src\Graphics</Filter>
    </ClInclude>
    <ClInclude Include="src\Graphics\Resources.h">
      <Filter>src\Graphics</Filter>
    </ClInclude>
    <ClInclude Include="src\Ignis\ComputeShader.h">
      <Filter>src\Ignis</Filter>
    </ClInclude>
    <ClInclude Include="src\Ignis\Core\Buffer.h">
      <Filter>src\Ignis\Core</Filter>
    </ClInclude>
    <ClInclude Include="src\Ignis\Core\Shader.h">
      <Filter>src\Ignis\Core</Filter>
    </ClInclude>
    <ClInclude Include="src\Ignis\Core\Texture.h">
      <Filter>src\Ignis\Core</Filter>
    </ClInclude>
    <ClInclude Include="src\Ignis\Font.h">
      <Filter>src\Ignis</Filter>
    </ClInclude>
    <ClInclude Include="src\Ignis\Framebuffer.h">
      <Filter>src\Ignis</Filter>
    </ClInclude>
    <ClInclude Include="src\Ignis\Ignis.h">
      <Filter>src\Ignis</Filter>
    </ClInclude>
    <ClInclude Include="src\Ignis\Quad.h">
      <Filter>src\Ignis</Filter>
    </ClInclude>
    <ClInclude Include="src\Ignis\VertexArray.h">
      <Filter>src\Ignis</Filter>
    </ClInclude>
    <ClInclude Include="src\Ignis\glad\KHR\khrplatform.h">
      <Filter>src\Ignis\glad\KHR</Filter>
    </ClInclude>
    <ClInclude Include="src\Ignis\glad\glad.h">
      <Filter>src\Ignis\glad</Filter>
    </ClInclude>
    <ClInclude Include="src\Ignis\stb\stb_image.h">
      <Filter>src\Ignis\stb</Filter>
    </ClInclude>
    <ClInclude Include="src\Ignis\stb\stb_truetype.h">
      <Filter>src\Ignis\stb</Filter>
    </ClInclude>
    <ClInclude Include="src\Scenes\Scene.h">
      <Filter>src\Scenes</Filter>
    </ClInclude>
    <ClInclude Include="src\Scenes\SceneEditor.h">
      <Filter>src\Scenes</Filter>
    </ClInclude>
    <ClInclude Include="src\math\grid.h">
      <Filter>src\math</Filter>
    </ClInclude>
    <ClInclude Include="src\math\mat4.h">
      <Filter>src\math</Filter>
    </ClInclude>
    <ClInclude Include="src\math\math.h">
      <Filter>src\math</Filter>
    </ClInclude>
    <ClInclude Include="src\math\vec2.h">
      <Filter>src\math</Filter>
    </ClInclude>
    <ClInclude Include="src\math\vec3.h">
      <Filter>src\math</Filter>
    </ClInclude>
    <ClInclude Include="src\toolbox\tb_array.h">
      <Filter>src\clib</Filter>
    </ClInclude>
    <ClInclude Include="src\toolbox\tb_list.h">
      <Filter>src\clib</Filter>
    </ClInclude>
    <ClInclude Include="src\toolbox\tb_hashmap.h">
      <Filter>src\clib</Filter>
    </ClInclude>
    <ClInclude Include="src\toolbox\toolbox.h">
      <Filter>src\clib</Filter>
    </ClInclude>
    <ClInclude Include="src\toolbox\tb_jwrite.h">
      <Filter>src\json</Filter>
    </ClInclude>
    <ClInclude Include="src\toolbox\tb_json.h">
      <Filter>src\json</Filter>
    </ClInclude>
    <ClInclude Include="src\Frost\Systems\InventorySystem.h" />
    <ClInclude Include="src\Frost\Components\Inventory.h" />
    <ClInclude Include="src\memory\arena.h" />
    <ClInclude Include="src\toolbox\tb_stretchy.h" />
    <ClInclude Include="src\Frost\FrostEcs.h" />
    <ClInclude Include="src\Frost\Systems\EntityStateSystem.h" />
    <ClInclude Include="src\Frost\Components\EntityState.h" />
    <ClInclude Include="src\Frost\Components\Player.h" />
    <ClInclude Include="src\tile\tilemap.h" />
    <ClInclude Include="src\tile\tile.h" />
    <ClInclude Include="src\tile\tile_renderer.h" />
    <ClInclude Include="src\tile\body.h" />
    <ClInclude Include="src\tile\collision.h" />
    <ClInclude Include="src\ECS\EcsLoader.h" />
    <ClInclude Include="src\Scenes\SceneLoader.h" />
    <ClInclude Include="src\toolbox\tb_str.h" />
  </ItemGroup>
  <ItemGroup>
    <ClCompile Include="src\Application\Application.c">
      <Filter>src\Application</Filter>
    </ClCompile>
    <ClCompile Include="src\Application\ApplicationCallback.c">
      <Filter>src\Application</Filter>
    </ClCompile>
    <ClCompile Include="src\Application\Input.c">
      <Filter>src\Application</Filter>
    </ClCompile>
    <ClCompile Include="src\Application\Timer.c">
      <Filter>src\Application</Filter>
    </ClCompile>
    <ClCompile Include="src\Camera\Camera.c">
      <Filter>src\Camera</Filter>
    </ClCompile>
    <ClCompile Include="src\Console\Command.c">
      <Filter>src\Console</Filter>
    </ClCompile>
    <ClCompile Include="src\Console\Console.c">
      <Filter>src\Console</Filter>
    </ClCompile>
    <ClCompile Include="src\ECS\ComponentList.c">
      <Filter>src\ECS</Filter>
    </ClCompile>
    <ClCompile Include="src\ECS\ComponentMap.c">
      <Filter>src\ECS</Filter>
    </ClCompile>
    <ClCompile Include="src\ECS\Ecs.c">
      <Filter>src\ECS</Filter>
    </ClCompile>
    <ClCompile Include="src\ECS\Entity.c">
      <Filter>src\ECS</Filter>
    </ClCompile>
    <ClCompile Include="src\Event\Event.c">
      <Filter>src\Event</Filter>
    </ClCompile>
    <ClCompile Include="src\Event\EventHandler.c">
      <Filter>src\Event</Filter>
    </ClCompile>
    <ClCompile Include="src\Frost\Components\Animator.c">
      <Filter>src\Frost\Components</Filter>
    </ClCompile>
    <ClCompile Include="src\Frost\Components\CameraController.c">
      <Filter>src\Frost\Components</Filter>
    </ClCompile>
    <ClCompile Include="src\Frost\Components\Interaction.c">
      <Filter>src\Frost\Components</Filter>
    </ClCompile>
    <ClCompile Include="src\Frost\Components\Movement.c">
      <Filter>src\Frost\Components</Filter>
    </ClCompile>
    <ClCompile Include="src\Frost\Components\Order.c">
      <Filter>src\Frost\Components</Filter>
    </ClCompile>
    <ClCompile Include="src\Frost\Components\RigidBody.c">
      <Filter>src\Frost\Components</Filter>
    </ClCompile>
    <ClCompile Include="src\Frost\Components\Sprite.c">
      <Filter>src\Frost\Components</Filter>
    </ClCompile>
    <ClCompile Include="src\Frost\Frost.c">
      <Filter>src\Frost</Filter>
    </ClCompile>
    <ClCompile Include="src\Frost\Systems\AnimationSystem.c">
      <Filter>src\Frost\Systems</Filter>
    </ClCompile>
    <ClCompile Include="src\Frost\Systems\InteractionSystem.c">
      <Filter>src\Frost\Systems</Filter>
    </ClCompile>
    <ClCompile Include="src\Frost\Systems\PhysicsSystem.c">
      <Filter>src\Frost\Systems</Filter>
    </ClCompile>
    <ClCompile Include="src\Frost\Systems\PlayerSystem.c">
      <Filter>src\Frost\Systems</Filter>
    </ClCompile>
    <ClCompile Include="src\Frost\Systems\RenderSystem.c">
      <Filter>src\Frost\Systems</Filter>
    </ClCompile>
    <ClCompile Include="src\Graphics\Background.c">
      <Filter>src\Graphics</Filter>
    </ClCompile>
    <ClCompile Include="src\Graphics\BatchRenderer2D.c">
      <Filter>src\Graphics</Filter>
    </ClCompile>
    <ClCompile Include="src\Graphics\FontRenderer.c">
      <Filter>src\Graphics</Filter>
    </ClCompile>
    <ClCompile Include="src\Graphics\Primitives2D.c">
      <Filter>src\Graphics</Filter>
    </ClCompile>
    <ClCompile Include="src\Graphics\Renderer.c">
      <Filter>src\Graphics</Filter>
    </ClCompile>
    <ClCompile Include="src\Graphics\Renderer2D.c">
      <Filter>src\Graphics</Filter>
    </ClCompile>
    <ClCompile Include="src\Graphics\Resources.c">
      <Filter>src\Graphics</Filter>
    </ClCompile>
    <ClCompile Include="src\Ignis\ComputeShader.c">
      <Filter>src\Ignis</Filter>
    </ClCompile>
    <ClCompile Include="src\Ignis\Core\Buffer.c">
      <Filter>src\Ignis\Core</Filter>
    </ClCompile>
    <ClCompile Include="src\Ignis\Core\Shader.c">
      <Filter>src\Ignis\Core</Filter>
    </ClCompile>
    <ClCompile Include="src\Ignis\Core\Texture.c">
      <Filter>src\Ignis\Core</Filter>
    </ClCompile>
    <ClCompile Include="src\Ignis\Font.c">
      <Filter>src\Ignis</Filter>
    </ClCompile>
    <ClCompile Include="src\Ignis\Framebuffer.c">
      <Filter>src\Ignis</Filter>
    </ClCompile>
    <ClCompile Include="src\Ignis\Ignis.c">
      <Filter>src\Ignis</Filter>
    </ClCompile>
    <ClCompile Include="src\Ignis\Quad.c">
      <Filter>src\Ignis</Filter>
    </ClCompile>
    <ClCompile Include="src\Ignis\VertexArray.c">
      <Filter>src\Ignis</Filter>
    </ClCompile>
    <ClCompile Include="src\Ignis\glad\glad.c">
      <Filter>src\Ignis\glad</Filter>
    </ClCompile>
    <ClCompile Include="src\Scenes\Scene.c">
      <Filter>src\Scenes</Filter>
    </ClCompile>
    <ClCompile Include="src\Scenes\SceneEditor.c">
      <Filter>src\Scenes</Filter>
    </ClCompile>
    <ClCompile Include="src\main.c">
      <Filter>src</Filter>
    </ClCompile>
    <ClCompile Include="src\math\grid.c">
      <Filter>src\math</Filter>
    </ClCompile>
    <ClCompile Include="src\math\mat4.c">
      <Filter>src\math</Filter>
    </ClCompile>
    <ClCompile Include="src\math\vec2.c">
      <Filter>src\math</Filter>
    </ClCompile>
    <ClCompile Include="src\math\vec3.c">
      <Filter>src\math</Filter>
    </ClCompile>
    <ClCompile Include="src\toolbox\tb_array.c">
      <Filter>src\clib</Filter>
    </ClCompile>
    <ClCompile Include="src\toolbox\tb_list.c">
      <Filter>src\clib</Filter>
    </ClCompile>
    <ClCompile Include="src\toolbox\tb_hashmap.c">
      <Filter>src\clib</Filter>
    </ClCompile>
    <ClCompile Include="src\toolbox\toolbox.c">
      <Filter>src\clib</Filter>
    </ClCompile>
    <ClCompile Include="src\toolbox\tb_json.c" />
    <ClCompile Include="src\toolbox\tb_jwrite.c">
      <Filter>src\json</Filter>
    </ClCompile>
    <ClCompile Include="src\Frost\Systems\InventorySystem.c" />
    <ClCompile Include="src\Frost\Components\Inventory.c" />
    <ClCompile Include="src\memory\arena.c" />
    <ClCompile Include="src\Frost\FrostEcs.c" />
    <ClCompile Include="src\Frost\Systems\EntityStateSystem.c" />
    <ClCompile Include="src\Frost\Components\EntityState.c" />
    <ClCompile Include="src\Frost\Components\Transform.c" />
    <ClCompile Include="src\Frost\Components\Player.c" />
    <ClCompile Include="src\tile\tilemap.c" />
    <ClCompile Include="src\tile\tile_renderer.c" />
    <ClCompile Include="src\tile\body.c" />
    <ClCompile Include="src\tile\collision.c" />
    <ClCompile Include="src\ECS\EcsLoader.c" />
    <ClCompile Include="src\Scenes\SceneLoader.c" />
    <ClCompile Include="src\toolbox\tb_str.c" />
  </ItemGroup>
  <ItemGroup>
    <None Include="config.json" />
    <None Include="res\fonts\OpenSans.ttf">
      <Filter>res\fonts</Filter>
    </None>
    <None Include="res\fonts\ProggyTiny.ttf">
      <Filter>res\fonts</Filter>
    </None>
    <None Include="res\shaders\batchrenderer.frag">
      <Filter>res\shaders</Filter>
    </None>
    <None Include="res\shaders\batchrenderer.vert">
      <Filter>res\shaders</Filter>
    </None>
    <None Include="res\shaders\font.frag">
      <Filter>res\shaders</Filter>
    </None>
    <None Include="res\shaders\font.vert">
      <Filter>res\shaders</Filter>
    </None>
    <None Include="res\shaders\primitives.frag">
      <Filter>res\shaders</Filter>
    </None>
    <None Include="res\shaders\primitives.vert">
      <Filter>res\shaders</Filter>
    </None>
    <None Include="res\shaders\renderer2D.frag">
      <Filter>res\shaders</Filter>
    </None>
    <None Include="res\shaders\renderer2D.vert">
      <Filter>res\shaders</Filter>
    </None>
    <None Include="res\shaders\tile.frag">
      <Filter>res\shaders</Filter>
    </None>
    <None Include="res\shaders\tile.vert">
      <Filter>res\shaders</Filter>
    </None>
    <None Include="res\templates\box.json">
      <Filter>res\templates</Filter>
    </None>
    <None Include="res\templates\door.json">
      <Filter>res\templates</Filter>
    </None>
    <None Include="res\templates\machine.json">
      <Filter>res\templates</Filter>
    </None>
    <None Include="res\templates\player.json">
      <Filter>res\templates</Filter>
    </None>
    <None Include="res\templates\tree_1.json">
      <Filter>res\templates</Filter>
    </None>
    <None Include="res\templates\tree_2.json">
      <Filter>res\templates</Filter>
    </None>
    <None Include="res\templates\tree_3.json">
      <Filter>res\templates</Filter>
    </None>
    <None Include="res\templates\tree_4.json">
      <Filter>res\templates</Filter>
    </None>
    <None Include="res\templates\tree_5.json">
      <Filter>res\templates</Filter>
    </None>
    <None Include="res\save\player_inv.json" />
    <None Include="res\templates\chest.json" />
    <None Include="src\Frost\load_script.cx" />
    <None Include="res\animations\player.json" />
  </ItemGroup>
  <ItemGroup>
    <Image Include="res\textures\background\0.png">
      <Filter>res\textures\background</Filter>
    </Image>
    <Image Include="res\textures\background\1.png">
      <Filter>res\textures\background</Filter>
    </Image>
    <Image Include="res\textures\background\2.png">
      <Filter>res\textures\background</Filter>
    </Image>
    <Image Include="res\textures\background\3.png">
      <Filter>res\textures\background</Filter>
    </Image>
    <Image Include="res\textures\background_2\0.png">
      <Filter>res\textures\background_2</Filter>
    </Image>
    <Image Include="res\textures\background_2\1.png">
      <Filter>res\textures\background_2</Filter>
    </Image>
    <Image Include="res\textures\box.png">
      <Filter>res\textures</Filter>
    </Image>
    <Image Include="res\textures\door.png">
      <Filter>res\textures</Filter>
    </Image>
    <Image Include="res\textures\floor.png">
      <Filter>res\textures</Filter>
    </Image>
    <Image Include="res\textures\items.png">
      <Filter>res\textures</Filter>
    </Image>
    <Image Include="res\textures\machine.png">
      <Filter>res\textures</Filter>
    </Image>
    <Image Include="res\textures\player.png">
      <Filter>res\textures</Filter>
    </Image>
    <Image Include="res\textures\trees.png">
      <Filter>res\textures</Filter>
    </Image>
    <Image Include="res\textures\chest.png" />
  </ItemGroup>
</Project>